{
  "name": "hello-world",
  "version": "0.1.0",
  "lockfileVersion": 3,
  "requires": true,
  "packages": {
    "": {
      "name": "hello-world",
      "version": "0.1.0",
      "workspaces": [
        "apps/*",
        "packages/*"
      ]
    },
    "apps/desktop": {
      "name": "@hello-world/desktop",
      "version": "0.1.0"
    },
    "apps/mobile": {
      "name": "@hello-world/mobile",
      "version": "0.1.0"
    },
    "apps/web": {
      "name": "@hello-world/web",
      "version": "0.1.0"
    },
    "node_modules/@hello-world/api-client": {
      "resolved": "packages/api-client",
      "link": true
    },
    "node_modules/@hello-world/core": {
      "resolved": "packages/core",
      "link": true
    },
    "node_modules/@hello-world/desktop": {
      "resolved": "apps/desktop",
      "link": true
    },
    "node_modules/@hello-world/mobile": {
      "resolved": "apps/mobile",
      "link": true
    },
    "node_modules/@hello-world/shared": {
      "resolved": "packages/shared",
      "link": true
    },
    "node_modules/@hello-world/storage": {
      "resolved": "packages/storage",
      "link": true
    },
    "node_modules/@hello-world/ui": {
      "resolved": "packages/ui",
      "link": true
    },
    "node_modules/@hello-world/web": {
      "resolved": "apps/web",
      "link": true
    },
    "packages/api-client": {
      "name": "@hello-world/api-client",
      "version": "0.1.0"
    },
    "packages/core": {
      "name": "@hello-world/core",
      "version": "0.1.0"
    },
    "packages/shared": {
      "name": "@hello-world/shared",
      "version": "0.1.0"
    },
    "packages/storage": {
      "name": "@hello-world/storage",
      "version": "0.1.0"
    },
    "packages/ui": {
      "name": "@hello-world/ui",
      "version": "0.1.0"
    }
  }
}
